FORGE
  remote: http://forge.puppetlabs.com
  specs:
    puppetlabs/concat (1.1.0-rc1)
      puppetlabs/stdlib (>= 3.0.0)
    puppetlabs/stdlib (4.2.1)

GIT
  remote: git://github.com/attachmentgenie/puppet-module-ssh
  ref: master
  sha: a72286b3fe8b558282c9cfe10049d85755314064
  specs:
    attachmentgenie/ssh (1.3.0)
      puppetlabs/stdlib (>= 2.2.1)

GIT
  remote: git://github.com/puppetlabs/puppetlabs-apache.git
  ref: master
  sha: c9bc4369af154e3fa8e4015e9a255d530509d2a7
  specs:
    puppetlabs/apache (1.0.1)
      puppetlabs/concat (>= 1.0.0)
      puppetlabs/stdlib (>= 2.4.0)

GIT
  remote: git://github.com/puppetlabs/puppetlabs-apt.git
  ref: master
  sha: a45c9a8b5831d88b324d2794751fffe66e3d0510
  specs:
    puppetlabs/apt (1.4.1)
      puppetlabs/stdlib (>= 2.2.1)

GIT
  remote: git://github.com/puppetlabs/puppetlabs-mysql.git
  ref: master
  sha: f70c81c2d0328d697faaab96891bece831f7b3c8
  specs:
    puppetlabs/mysql (2.2.1)
      puppetlabs/stdlib (>= 3.2.0)

GIT
  remote: git://github.com/puppetlabs/puppetlabs-ntp.git
  ref: master
  sha: 1aaee23e9c54ea03c8e469bb761d16988dbaf40c
  specs:
    puppetlabs/ntp (3.0.4)
      puppetlabs/stdlib (>= 0.1.6)

DEPENDENCIES
  attachmentgenie/ssh (>= 0)
  puppetlabs/apache (>= 0)
  puppetlabs/apt (>= 0)
  puppetlabs/mysql (>= 0)
  puppetlabs/ntp (>= 0)

